
Microsoft Visual Studio Solution File, Format Version 12.00
# Visual Studio 2015
Project("{FAE04EC0-301F-11D3-BF4B-00C04F79EFBC}") = "TESUnity.CSharp", "TESUnity.CSharp.csproj", "{D63DB889-6969-60FA-38B1-270DCD655D21}"
EndProject
Global
	GlobalSection(SolutionConfigurationPlatforms) = preSolution
		Debug|Any CPU = Debug|Any CPU
		Release|Any CPU = Release|Any CPU
	EndGlobalSection
	GlobalSection(ProjectConfigurationPlatforms) = postSolution
		{D63DB889-6969-60FA-38B1-270DCD655D21}.Debug|Any CPU.ActiveCfg = Debug|Any CPU
		{D63DB889-6969-60FA-38B1-270DCD655D21}.Debug|Any CPU.Build.0 = Debug|Any CPU
		{D63DB889-6969-60FA-38B1-270DCD655D21}.Release|Any CPU.ActiveCfg = Release|Any CPU
		{D63DB889-6969-60FA-38B1-270DCD655D21}.Release|Any CPU.Build.0 = Release|Any CPU
	EndGlobalSection
	GlobalSection(SolutionProperties) = preSolution
		HideSolutionNode = FALSE
	EndGlobalSection
EndGlobal
