
Microsoft Visual Studio Solution File, Format Version 12.00
# Visual Studio 2015
Project("{FAE04EC0-301F-11D3-BF4B-00C04F79EFBC}") = "Unity Morrowind.CSharp.Plugins", "Unity Morrowind.CSharp.Plugins.csproj", "{4E5E8C23-8B27-3152-07DB-98FE85F3206E}"
EndProject
Project("{FAE04EC0-301F-11D3-BF4B-00C04F79EFBC}") = "Unity Morrowind.CSharp", "Unity Morrowind.CSharp.csproj", "{427C831B-C0FA-B328-B3BD-76C1526545AB}"
EndProject
Global
	GlobalSection(SolutionConfigurationPlatforms) = preSolution
		Debug|Any CPU = Debug|Any CPU
		Release|Any CPU = Release|Any CPU
	EndGlobalSection
	GlobalSection(ProjectConfigurationPlatforms) = postSolution
		{4E5E8C23-8B27-3152-07DB-98FE85F3206E}.Debug|Any CPU.ActiveCfg = Debug|Any CPU
		{4E5E8C23-8B27-3152-07DB-98FE85F3206E}.Debug|Any CPU.Build.0 = Debug|Any CPU
		{4E5E8C23-8B27-3152-07DB-98FE85F3206E}.Release|Any CPU.ActiveCfg = Release|Any CPU
		{4E5E8C23-8B27-3152-07DB-98FE85F3206E}.Release|Any CPU.Build.0 = Release|Any CPU
		{427C831B-C0FA-B328-B3BD-76C1526545AB}.Debug|Any CPU.ActiveCfg = Debug|Any CPU
		{427C831B-C0FA-B328-B3BD-76C1526545AB}.Debug|Any CPU.Build.0 = Debug|Any CPU
		{427C831B-C0FA-B328-B3BD-76C1526545AB}.Release|Any CPU.ActiveCfg = Release|Any CPU
		{427C831B-C0FA-B328-B3BD-76C1526545AB}.Release|Any CPU.Build.0 = Release|Any CPU
	EndGlobalSection
	GlobalSection(SolutionProperties) = preSolution
		HideSolutionNode = FALSE
	EndGlobalSection
EndGlobal
